
Microsoft Visual Studio Solution File, Format Version 12.00
# Visual Studio 14
VisualStudioVersion = 14.0.24720.0
MinimumVisualStudioVersion = 10.0.40219.1
Project("{FAE04EC0-301F-11D3-BF4B-00C04F79EFBC}") = "Juda-Uwp", "Juda-Uwp\Juda-Uwp.csproj", "{71F199B8-9D86-4CA7-BEBD-EAF8B584027B}"
EndProject
Project("{FAE04EC0-301F-11D3-BF4B-00C04F79EFBC}") = "UnitTestProject", "UnitTestProject\UnitTestProject.csproj", "{B724B714-2E32-4F37-90DB-AFBF408AACEB}"
EndProject
Project("{FAE04EC0-301F-11D3-BF4B-00C04F79EFBC}") = "JudaMastersheetLib", "JudaMastersheetLib\JudaMastersheetLib.csproj", "{F0FDE11A-BA8B-4DCD-BEE0-42D09943E40F}"
EndProject
Global
	GlobalSection(SolutionConfigurationPlatforms) = preSolution
		Debug|Any CPU = Debug|Any CPU
		Debug|ARM = Debug|ARM
		Debug|x64 = Debug|x64
		Debug|x86 = Debug|x86
		Release|Any CPU = Release|Any CPU
		Release|ARM = Release|ARM
		Release|x64 = Release|x64
		Release|x86 = Release|x86
	EndGlobalSection
	GlobalSection(ProjectConfigurationPlatforms) = postSolution
		{71F199B8-9D86-4CA7-BEBD-EAF8B584027B}.Debug|Any CPU.ActiveCfg = Debug|x86
		{71F199B8-9D86-4CA7-BEBD-EAF8B584027B}.Debug|ARM.ActiveCfg = Debug|ARM
		{71F199B8-9D86-4CA7-BEBD-EAF8B584027B}.Debug|ARM.Build.0 = Debug|ARM
		{71F199B8-9D86-4CA7-BEBD-EAF8B584027B}.Debug|ARM.Deploy.0 = Debug|ARM
		{71F199B8-9D86-4CA7-BEBD-EAF8B584027B}.Debug|x64.ActiveCfg = Debug|x64
		{71F199B8-9D86-4CA7-BEBD-EAF8B584027B}.Debug|x64.Build.0 = Debug|x64
		{71F199B8-9D86-4CA7-BEBD-EAF8B584027B}.Debug|x64.Deploy.0 = Debug|x64
		{71F199B8-9D86-4CA7-BEBD-EAF8B584027B}.Debug|x86.ActiveCfg = Debug|x86
		{71F199B8-9D86-4CA7-BEBD-EAF8B584027B}.Debug|x86.Build.0 = Debug|x86
		{71F199B8-9D86-4CA7-BEBD-EAF8B584027B}.Debug|x86.Deploy.0 = Debug|x86
		{71F199B8-9D86-4CA7-BEBD-EAF8B584027B}.Release|Any CPU.ActiveCfg = Release|x86
		{71F199B8-9D86-4CA7-BEBD-EAF8B584027B}.Release|ARM.ActiveCfg = Release|ARM
		{71F199B8-9D86-4CA7-BEBD-EAF8B584027B}.Release|ARM.Build.0 = Release|ARM
		{71F199B8-9D86-4CA7-BEBD-EAF8B584027B}.Release|ARM.Deploy.0 = Release|ARM
		{71F199B8-9D86-4CA7-BEBD-EAF8B584027B}.Release|x64.ActiveCfg = Release|x64
		{71F199B8-9D86-4CA7-BEBD-EAF8B584027B}.Release|x64.Build.0 = Release|x64
		{71F199B8-9D86-4CA7-BEBD-EAF8B584027B}.Release|x64.Deploy.0 = Release|x64
		{71F199B8-9D86-4CA7-BEBD-EAF8B584027B}.Release|x86.ActiveCfg = Release|x86
		{71F199B8-9D86-4CA7-BEBD-EAF8B584027B}.Release|x86.Build.0 = Release|x86
		{71F199B8-9D86-4CA7-BEBD-EAF8B584027B}.Release|x86.Deploy.0 = Release|x86
		{B724B714-2E32-4F37-90DB-AFBF408AACEB}.Debug|Any CPU.ActiveCfg = Debug|x86
		{B724B714-2E32-4F37-90DB-AFBF408AACEB}.Debug|ARM.ActiveCfg = Debug|ARM
		{B724B714-2E32-4F37-90DB-AFBF408AACEB}.Debug|ARM.Build.0 = Debug|ARM
		{B724B714-2E32-4F37-90DB-AFBF408AACEB}.Debug|ARM.Deploy.0 = Debug|ARM
		{B724B714-2E32-4F37-90DB-AFBF408AACEB}.Debug|x64.ActiveCfg = Debug|x64
		{B724B714-2E32-4F37-90DB-AFBF408AACEB}.Debug|x64.Build.0 = Debug|x64
		{B724B714-2E32-4F37-90DB-AFBF408AACEB}.Debug|x64.Deploy.0 = Debug|x64
		{B724B714-2E32-4F37-90DB-AFBF408AACEB}.Debug|x86.ActiveCfg = Debug|x86
		{B724B714-2E32-4F37-90DB-AFBF408AACEB}.Debug|x86.Build.0 = Debug|x86
		{B724B714-2E32-4F37-90DB-AFBF408AACEB}.Debug|x86.Deploy.0 = Debug|x86
		{B724B714-2E32-4F37-90DB-AFBF408AACEB}.Release|Any CPU.ActiveCfg = Release|x86
		{B724B714-2E32-4F37-90DB-AFBF408AACEB}.Release|ARM.ActiveCfg = Release|ARM
		{B724B714-2E32-4F37-90DB-AFBF408AACEB}.Release|ARM.Build.0 = Release|ARM
		{B724B714-2E32-4F37-90DB-AFBF408AACEB}.Release|ARM.Deploy.0 = Release|ARM
		{B724B714-2E32-4F37-90DB-AFBF408AACEB}.Release|x64.ActiveCfg = Release|x64
		{B724B714-2E32-4F37-90DB-AFBF408AACEB}.Release|x64.Build.0 = Release|x64
		{B724B714-2E32-4F37-90DB-AFBF408AACEB}.Release|x64.Deploy.0 = Release|x64
		{B724B714-2E32-4F37-90DB-AFBF408AACEB}.Release|x86.ActiveCfg = Release|x86
		{B724B714-2E32-4F37-90DB-AFBF408AACEB}.Release|x86.Build.0 = Release|x86
		{B724B714-2E32-4F37-90DB-AFBF408AACEB}.Release|x86.Deploy.0 = Release|x86
		{F0FDE11A-BA8B-4DCD-BEE0-42D09943E40F}.Debug|Any CPU.ActiveCfg = Debug|Any CPU
		{F0FDE11A-BA8B-4DCD-BEE0-42D09943E40F}.Debug|Any CPU.Build.0 = Debug|Any CPU
		{F0FDE11A-BA8B-4DCD-BEE0-42D09943E40F}.Debug|ARM.ActiveCfg = Debug|Any CPU
		{F0FDE11A-BA8B-4DCD-BEE0-42D09943E40F}.Debug|ARM.Build.0 = Debug|Any CPU
		{F0FDE11A-BA8B-4DCD-BEE0-42D09943E40F}.Debug|x64.ActiveCfg = Debug|Any CPU
		{F0FDE11A-BA8B-4DCD-BEE0-42D09943E40F}.Debug|x64.Build.0 = Debug|Any CPU
		{F0FDE11A-BA8B-4DCD-BEE0-42D09943E40F}.Debug|x86.ActiveCfg = Debug|Any CPU
		{F0FDE11A-BA8B-4DCD-BEE0-42D09943E40F}.Debug|x86.Build.0 = Debug|Any CPU
		{F0FDE11A-BA8B-4DCD-BEE0-42D09943E40F}.Release|Any CPU.ActiveCfg = Release|Any CPU
		{F0FDE11A-BA8B-4DCD-BEE0-42D09943E40F}.Release|Any CPU.Build.0 = Release|Any CPU
		{F0FDE11A-BA8B-4DCD-BEE0-42D09943E40F}.Release|ARM.ActiveCfg = Release|Any CPU
		{F0FDE11A-BA8B-4DCD-BEE0-42D09943E40F}.Release|ARM.Build.0 = Release|Any CPU
		{F0FDE11A-BA8B-4DCD-BEE0-42D09943E40F}.Release|x64.ActiveCfg = Release|Any CPU
		{F0FDE11A-BA8B-4DCD-BEE0-42D09943E40F}.Release|x64.Build.0 = Release|Any CPU
		{F0FDE11A-BA8B-4DCD-BEE0-42D09943E40F}.Release|x86.ActiveCfg = Release|Any CPU
		{F0FDE11A-BA8B-4DCD-BEE0-42D09943E40F}.Release|x86.Build.0 = Release|Any CPU
	EndGlobalSection
	GlobalSection(SolutionProperties) = preSolution
		HideSolutionNode = FALSE
	EndGlobalSection
EndGlobal
